
Microsoft Visual Studio Solution File, Format Version 12.00
Project("{FAE04EC0-301F-11D3-BF4B-00C04F79EFBC}") = "Day1", "Day1\Day1.csproj", "{E96830B9-A403-44BA-99AB-C58682BF4662}"
EndProject
Project("{FAE04EC0-301F-11D3-BF4B-00C04F79EFBC}") = "Day2", "Day2\Day2.csproj", "{807B933A-0DE0-417C-B914-845FBFF4D308}"
EndProject
Project("{FAE04EC0-301F-11D3-BF4B-00C04F79EFBC}") = "Day3", "Day3\Day3.csproj", "{204EFFE6-0BD3-43CA-9FF0-3EFAABD0FC08}"
EndProject
Project("{FAE04EC0-301F-11D3-BF4B-00C04F79EFBC}") = "Day4", "Day4\Day4.csproj", "{B20347A1-8A05-4B35-B208-87E129B2321D}"
EndProject
Project("{FAE04EC0-301F-11D3-BF4B-00C04F79EFBC}") = "Day5", "Day5\Day5.csproj", "{ED4DBE5F-751F-407E-9253-FCBA0DED756E}"
EndProject
Project("{FAE04EC0-301F-11D3-BF4B-00C04F79EFBC}") = "Day6", "Day6\Day6.csproj", "{B93A5A18-ED1E-43A3-93E5-4F4A66B61362}"
EndProject
Project("{FAE04EC0-301F-11D3-BF4B-00C04F79EFBC}") = "Day7", "Day7\Day7.csproj", "{EA636A9E-13BB-4D14-87AD-7C2A74EE3247}"
EndProject
Global
	GlobalSection(SolutionConfigurationPlatforms) = preSolution
		Debug|Any CPU = Debug|Any CPU
		Release|Any CPU = Release|Any CPU
	EndGlobalSection
	GlobalSection(ProjectConfigurationPlatforms) = postSolution
		{E96830B9-A403-44BA-99AB-C58682BF4662}.Debug|Any CPU.ActiveCfg = Debug|Any CPU
		{E96830B9-A403-44BA-99AB-C58682BF4662}.Debug|Any CPU.Build.0 = Debug|Any CPU
		{E96830B9-A403-44BA-99AB-C58682BF4662}.Release|Any CPU.ActiveCfg = Release|Any CPU
		{E96830B9-A403-44BA-99AB-C58682BF4662}.Release|Any CPU.Build.0 = Release|Any CPU
		{807B933A-0DE0-417C-B914-845FBFF4D308}.Debug|Any CPU.ActiveCfg = Debug|Any CPU
		{807B933A-0DE0-417C-B914-845FBFF4D308}.Debug|Any CPU.Build.0 = Debug|Any CPU
		{807B933A-0DE0-417C-B914-845FBFF4D308}.Release|Any CPU.ActiveCfg = Release|Any CPU
		{807B933A-0DE0-417C-B914-845FBFF4D308}.Release|Any CPU.Build.0 = Release|Any CPU
		{204EFFE6-0BD3-43CA-9FF0-3EFAABD0FC08}.Debug|Any CPU.ActiveCfg = Debug|Any CPU
		{204EFFE6-0BD3-43CA-9FF0-3EFAABD0FC08}.Debug|Any CPU.Build.0 = Debug|Any CPU
		{204EFFE6-0BD3-43CA-9FF0-3EFAABD0FC08}.Release|Any CPU.ActiveCfg = Release|Any CPU
		{204EFFE6-0BD3-43CA-9FF0-3EFAABD0FC08}.Release|Any CPU.Build.0 = Release|Any CPU
		{B20347A1-8A05-4B35-B208-87E129B2321D}.Debug|Any CPU.ActiveCfg = Debug|Any CPU
		{B20347A1-8A05-4B35-B208-87E129B2321D}.Debug|Any CPU.Build.0 = Debug|Any CPU
		{B20347A1-8A05-4B35-B208-87E129B2321D}.Release|Any CPU.ActiveCfg = Release|Any CPU
		{B20347A1-8A05-4B35-B208-87E129B2321D}.Release|Any CPU.Build.0 = Release|Any CPU
		{ED4DBE5F-751F-407E-9253-FCBA0DED756E}.Debug|Any CPU.ActiveCfg = Debug|Any CPU
		{ED4DBE5F-751F-407E-9253-FCBA0DED756E}.Debug|Any CPU.Build.0 = Debug|Any CPU
		{ED4DBE5F-751F-407E-9253-FCBA0DED756E}.Release|Any CPU.ActiveCfg = Release|Any CPU
		{ED4DBE5F-751F-407E-9253-FCBA0DED756E}.Release|Any CPU.Build.0 = Release|Any CPU
		{B93A5A18-ED1E-43A3-93E5-4F4A66B61362}.Debug|Any CPU.ActiveCfg = Debug|Any CPU
		{B93A5A18-ED1E-43A3-93E5-4F4A66B61362}.Debug|Any CPU.Build.0 = Debug|Any CPU
		{B93A5A18-ED1E-43A3-93E5-4F4A66B61362}.Release|Any CPU.ActiveCfg = Release|Any CPU
		{B93A5A18-ED1E-43A3-93E5-4F4A66B61362}.Release|Any CPU.Build.0 = Release|Any CPU
		{EA636A9E-13BB-4D14-87AD-7C2A74EE3247}.Debug|Any CPU.ActiveCfg = Debug|Any CPU
		{EA636A9E-13BB-4D14-87AD-7C2A74EE3247}.Debug|Any CPU.Build.0 = Debug|Any CPU
		{EA636A9E-13BB-4D14-87AD-7C2A74EE3247}.Release|Any CPU.ActiveCfg = Release|Any CPU
		{EA636A9E-13BB-4D14-87AD-7C2A74EE3247}.Release|Any CPU.Build.0 = Release|Any CPU
	EndGlobalSection
EndGlobal
